
Microsoft Visual Studio Solution File, Format Version 12.00
# Visual Studio 15
VisualStudioVersion = 15.0.28307.2092
MinimumVisualStudioVersion = 10.0.40219.1
Project("{FAE04EC0-301F-11D3-BF4B-00C04F79EFBC}") = "MAD proyecto", "MAD proyecto\MAD proyecto.csproj", "{D815B74A-EFEB-4718-83E3-6E85B7A6ADEE}"
EndProject
Global
	GlobalSection(SolutionConfigurationPlatforms) = preSolution
		Debug|Any CPU = Debug|Any CPU
		Release|Any CPU = Release|Any CPU
	EndGlobalSection
	GlobalSection(ProjectConfigurationPlatforms) = postSolution
		{D815B74A-EFEB-4718-83E3-6E85B7A6ADEE}.Debug|Any CPU.ActiveCfg = Debug|Any CPU
		{D815B74A-EFEB-4718-83E3-6E85B7A6ADEE}.Debug|Any CPU.Build.0 = Debug|Any CPU
		{D815B74A-EFEB-4718-83E3-6E85B7A6ADEE}.Release|Any CPU.ActiveCfg = Release|Any CPU
		{D815B74A-EFEB-4718-83E3-6E85B7A6ADEE}.Release|Any CPU.Build.0 = Release|Any CPU
	EndGlobalSection
	GlobalSection(SolutionProperties) = preSolution
		HideSolutionNode = FALSE
	EndGlobalSection
	GlobalSection(ExtensibilityGlobals) = postSolution
		SolutionGuid = {F599656D-20F8-4419-AE91-3FE9BD5773FF}
	EndGlobalSection
EndGlobal
